PODS:
  - LTxFile (0.0.1):
    - LTxFile/Core (= 0.0.1)
  - LTxFile/Core (0.0.1)

DEPENDENCIES:
  - LTxFile (from `../`)

EXTERNAL SOURCES:
  LTxFile:
    :path: "../"

SPEC CHECKSUMS:
  LTxFile: 9aa4e76063feedeb8596cdae0f1607948d9126b1

PODFILE CHECKSUM: 2f60d9aa5620146d1a7f2c2cbf45ac0940ba46f2

COCOAPODS: 1.6.1
